// !$*UTF8*$!
{
	archiveVersion = 1;
	classes = {
	};
	objectVersion = 77;
	objects = {

/* Begin PBXBuildFile section */
		AB0B799F2E025E96000E8B7E /* Nuke in Frameworks */ = {isa = PBXBuildFile; productRef = AB0B799E2E025E96000E8B7E /* Nuke */; };
		AB0B79A22E025EC6000E8B7E /* NukeUI in Frameworks */ = {isa = PBXBuildFile; productRef = AB0B79A12E025EC6000E8B7E /* NukeUI */; };
/* End PBXBuildFile section */

/* Begin PBXContainerItemProxy section */
		AB0B78002E022915000E8B7E /* PBXContainerItemProxy */ = {
			isa = PBXContainerItemProxy;
			containerPortal = AB0B77E82E022913000E8B7E /* Project object */;
			proxyType = 1;
			remoteGlobalIDString = AB0B77EF2E022913000E8B7E;
			remoteInfo = CountriesEncyclopedia;
		};
		AB0B780A2E022915000E8B7E /* PBXContainerItemProxy */ = {
			isa = PBXContainerItemProxy;
			containerPortal = AB0B77E82E022913000E8B7E /* Project object */;
			proxyType = 1;
			remoteGlobalIDString = AB0B77EF2E022913000E8B7E;
			remoteInfo = CountriesEncyclopedia;
		};
/* End PBXContainerItemProxy section */

/* Begin PBXFileReference section */
		AB0B77F02E022913000E8B7E /* CountriesEncyclopedia.app */ = {isa = PBXFileReference; explicitFileType = wrapper.application; includeInIndex = 0; path = CountriesEncyclopedia.app; sourceTree = BUILT_PRODUCTS_DIR; };
		AB0B77FF2E022915000E8B7E /* CountriesEncyclopediaTests.xctest */ = {isa = PBXFileReference; explicitFileType = wrapper.cfbundle; includeInIndex = 0; path = CountriesEncyclopediaTests.xctest; sourceTree = BUILT_PRODUCTS_DIR; };
		AB0B78092E022915000E8B7E /* CountriesEncyclopediaUITests.xctest */ = {isa = PBXFileReference; explicitFileType = wrapper.cfbundle; includeInIndex = 0; path = CountriesEncyclopediaUITests.xctest; sourceTree = BUILT_PRODUCTS_DIR; };
/* End PBXFileReference section */

/* Begin PBXFileSystemSynchronizedRootGroup section */
		AB0B77F22E022913000E8B7E /* CountriesEncyclopedia */ = {
			isa = PBXFileSystemSynchronizedRootGroup;
			path = CountriesEncyclopedia;
			sourceTree = "<group>";
		};
		AB0B78022E022915000E8B7E /* CountriesEncyclopediaTests */ = {
			isa = PBXFileSystemSynchronizedRootGroup;
			path = CountriesEncyclopediaTests;
			sourceTree = "<group>";
		};
		AB0B780C2E022915000E8B7E /* CountriesEncyclopediaUITests */ = {
			isa = PBXFileSystemSynchronizedRootGroup;
			path = CountriesEncyclopediaUITests;
			sourceTree = "<group>";
		};
/* End PBXFileSystemSynchronizedRootGroup section */

/* Begin PBXFrameworksBuildPhase section */
		AB0B77ED2E022913000E8B7E /* Frameworks */ = {
			isa = PBXFrameworksBuildPhase;
			buildActionMask = 2147483647;
			files = (
				AB0B799F2E025E96000E8B7E /* Nuke in Frameworks */,
				AB0B79A22E025EC6000E8B7E /* NukeUI in Frameworks */,
			);
			runOnlyForDeploymentPostprocessing = 0;
		};
		AB0B77FC2E022915000E8B7E /* Frameworks */ = {
			isa = PBXFrameworksBuildPhase;
			buildActionMask = 2147483647;
			files = (
			);
			runOnlyForDeploymentPostprocessing = 0;
		};
		AB0B78062E022915000E8B7E /* Frameworks */ = {
			isa = PBXFrameworksBuildPhase;
			buildActionMask = 2147483647;
			files = (
			);
			runOnlyForDeploymentPostprocessing = 0;
		};
/* End PBXFrameworksBuildPhase section */

/* Begin PBXGroup section */
		AB0B77E72E022913000E8B7E = {
			isa = PBXGroup;
			children = (
				AB0B77F22E022913000E8B7E /* CountriesEncyclopedia */,
				AB0B78022E022915000E8B7E /* CountriesEncyclopediaTests */,
				AB0B780C2E022915000E8B7E /* CountriesEncyclopediaUITests */,
				AB0B79A02E025EC6000E8B7E /* Frameworks */,
				AB0B77F12E022913000E8B7E /* Products */,
			);
			sourceTree = "<group>";
		};
		AB0B77F12E022913000E8B7E /* Products */ = {
			isa = PBXGroup;
			children = (
				AB0B77F02E022913000E8B7E /* CountriesEncyclopedia.app */,
				AB0B77FF2E022915000E8B7E /* CountriesEncyclopediaTests.xctest */,
				AB0B78092E022915000E8B7E /* CountriesEncyclopediaUITests.xctest */,
			);
			name = Products;
			sourceTree = "<group>";
		};
		AB0B79A02E025EC6000E8B7E /* Frameworks */ = {
			isa = PBXGroup;
			children = (
			);
			name = Frameworks;
			sourceTree = "<group>";
		};
/* End PBXGroup section */

/* Begin PBXNativeTarget section */
		AB0B77EF2E022913000E8B7E /* CountriesEncyclopedia */ = {
			isa = PBXNativeTarget;
			buildConfigurationList = AB0B78132E022915000E8B7E /* Build configuration list for PBXNativeTarget "CountriesEncyclopedia" */;
			buildPhases = (
				AB0B77EC2E022913000E8B7E /* Sources */,
				AB0B77ED2E022913000E8B7E /* Frameworks */,
				AB0B77EE2E022913000E8B7E /* Resources */,
			);
			buildRules = (
			);
			dependencies = (
			);
			fileSystemSynchronizedGroups = (
				AB0B77F22E022913000E8B7E /* CountriesEncyclopedia */,
			);
			name = CountriesEncyclopedia;
			packageProductDependencies = (
				AB0B799E2E025E96000E8B7E /* Nuke */,
				AB0B79A12E025EC6000E8B7E /* NukeUI */,
			);
			productName = CountriesEncyclopedia;
			productReference = AB0B77F02E022913000E8B7E /* CountriesEncyclopedia.app */;
			productType = "com.apple.product-type.application";
		};
		AB0B77FE2E022915000E8B7E /* CountriesEncyclopediaTests */ = {
			isa = PBXNativeTarget;
			buildConfigurationList = AB0B78162E022915000E8B7E /* Build configuration list for PBXNativeTarget "CountriesEncyclopediaTests" */;
			buildPhases = (
				AB0B77FB2E022915000E8B7E /* Sources */,
				AB0B77FC2E022915000E8B7E /* Frameworks */,
				AB0B77FD2E022915000E8B7E /* Resources */,
			);
			buildRules = (
			);
			dependencies = (
				AB0B78012E022915000E8B7E /* PBXTargetDependency */,
			);
			fileSystemSynchronizedGroups = (
				AB0B78022E022915000E8B7E /* CountriesEncyclopediaTests */,
			);
			name = CountriesEncyclopediaTests;
			packageProductDependencies = (
			);
			productName = CountriesEncyclopediaTests;
			productReference = AB0B77FF2E022915000E8B7E /* CountriesEncyclopediaTests.xctest */;
			productType = "com.apple.product-type.bundle.unit-test";
		};
		AB0B78082E022915000E8B7E /* CountriesEncyclopediaUITests */ = {
			isa = PBXNativeTarget;
			buildConfigurationList = AB0B78192E022915000E8B7E /* Build configuration list for PBXNativeTarget "CountriesEncyclopediaUITests" */;
			buildPhases = (
				AB0B78052E022915000E8B7E /* Sources */,
				AB0B78062E022915000E8B7E /* Frameworks */,
				AB0B78072E022915000E8B7E /* Resources */,
			);
			buildRules = (
			);
			dependencies = (
				AB0B780B2E022915000E8B7E /* PBXTargetDependency */,
			);
			fileSystemSynchronizedGroups = (
				AB0B780C2E022915000E8B7E /* CountriesEncyclopediaUITests */,
			);
			name = CountriesEncyclopediaUITests;
			packageProductDependencies = (
			);
			productName = CountriesEncyclopediaUITests;
			productReference = AB0B78092E022915000E8B7E /* CountriesEncyclopediaUITests.xctest */;
			productType = "com.apple.product-type.bundle.ui-testing";
		};
/* End PBXNativeTarget section */

/* Begin PBXProject section */
		AB0B77E82E022913000E8B7E /* Project object */ = {
			isa = PBXProject;
			attributes = {
				BuildIndependentTargetsInParallel = 1;
				LastSwiftUpdateCheck = 1640;
				LastUpgradeCheck = 1640;
				TargetAttributes = {
					AB0B77EF2E022913000E8B7E = {
						CreatedOnToolsVersion = 16.4;
					};
					AB0B77FE2E022915000E8B7E = {
						CreatedOnToolsVersion = 16.4;
						TestTargetID = AB0B77EF2E022913000E8B7E;
					};
					AB0B78082E022915000E8B7E = {
						CreatedOnToolsVersion = 16.4;
						TestTargetID = AB0B77EF2E022913000E8B7E;
					};
				};
			};
			buildConfigurationList = AB0B77EB2E022913000E8B7E /* Build configuration list for PBXProject "CountriesEncyclopedia" */;
			developmentRegion = en;
			hasScannedForEncodings = 0;
			knownRegions = (
				en,
				Base,
			);
			mainGroup = AB0B77E72E022913000E8B7E;
			minimizedProjectReferenceProxies = 1;
			packageReferences = (
				AB0B799D2E025E96000E8B7E /* XCRemoteSwiftPackageReference "Nuke" */,
			);
			preferredProjectObjectVersion = 77;
			productRefGroup = AB0B77F12E022913000E8B7E /* Products */;
			projectDirPath = "";
			projectRoot = "";
			targets = (
				AB0B77EF2E022913000E8B7E /* CountriesEncyclopedia */,
				AB0B77FE2E022915000E8B7E /* CountriesEncyclopediaTests */,
				AB0B78082E022915000E8B7E /* CountriesEncyclopediaUITests */,
			);
		};
/* End PBXProject section */

/* Begin PBXResourcesBuildPhase section */
		AB0B77EE2E022913000E8B7E /* Resources */ = {
			isa = PBXResourcesBuildPhase;
			buildActionMask = 2147483647;
			files = (
			);
			runOnlyForDeploymentPostprocessing = 0;
		};
		AB0B77FD2E022915000E8B7E /* Resources */ = {
			isa = PBXResourcesBuildPhase;
			buildActionMask = 2147483647;
			files = (
			);
			runOnlyForDeploymentPostprocessing = 0;
		};
		AB0B78072E022915000E8B7E /* Resources */ = {
			isa = PBXResourcesBuildPhase;
			buildActionMask = 2147483647;
			files = (
			);
			runOnlyForDeploymentPostprocessing = 0;
		};
/* End PBXResourcesBuildPhase section */

/* Begin PBXSourcesBuildPhase section */
		AB0B77EC2E022913000E8B7E /* Sources */ = {
			isa = PBXSourcesBuildPhase;
			buildActionMask = 2147483647;
			files = (
			);
			runOnlyForDeploymentPostprocessing = 0;
		};
		AB0B77FB2E022915000E8B7E /* Sources */ = {
			isa = PBXSourcesBuildPhase;
			buildActionMask = 2147483647;
			files = (
			);
			runOnlyForDeploymentPostprocessing = 0;
		};
		AB0B78052E022915000E8B7E /* Sources */ = {
			isa = PBXSourcesBuildPhase;
			buildActionMask = 2147483647;
			files = (
			);
			runOnlyForDeploymentPostprocessing = 0;
		};
/* End PBXSourcesBuildPhase section */

/* Begin PBXTargetDependency section */
		AB0B78012E022915000E8B7E /* PBXTargetDependency */ = {
			isa = PBXTargetDependency;
			target = AB0B77EF2E022913000E8B7E /* CountriesEncyclopedia */;
			targetProxy = AB0B78002E022915000E8B7E /* PBXContainerItemProxy */;
		};
		AB0B780B2E022915000E8B7E /* PBXTargetDependency */ = {
			isa = PBXTargetDependency;
			target = AB0B77EF2E022913000E8B7E /* CountriesEncyclopedia */;
			targetProxy = AB0B780A2E022915000E8B7E /* PBXContainerItemProxy */;
		};
/* End PBXTargetDependency section */

/* Begin XCBuildConfiguration section */
		AB0B78112E022915000E8B7E /* Debug */ = {
			isa = XCBuildConfiguration;
			buildSettings = {
				ALWAYS_SEARCH_USER_PATHS = NO;
				ASSETCATALOG_COMPILER_GENERATE_SWIFT_ASSET_SYMBOL_EXTENSIONS = YES;
				CLANG_ANALYZER_NONNULL = YES;
				CLANG_ANALYZER_NUMBER_OBJECT_CONVERSION = YES_AGGRESSIVE;
				CLANG_CXX_LANGUAGE_STANDARD = "gnu++20";
				CLANG_ENABLE_MODULES = YES;
				CLANG_ENABLE_OBJC_ARC = YES;
				CLANG_ENABLE_OBJC_WEAK = YES;
				CLANG_WARN_BLOCK_CAPTURE_AUTORELEASING = YES;
				CLANG_WARN_BOOL_CONVERSION = YES;
				CLANG_WARN_COMMA = YES;
				CLANG_WARN_CONSTANT_CONVERSION = YES;
				CLANG_WARN_DEPRECATED_OBJC_IMPLEMENTATIONS = YES;
				CLANG_WARN_DIRECT_OBJC_ISA_USAGE = YES_ERROR;
				CLANG_WARN_DOCUMENTATION_COMMENTS = YES;
				CLANG_WARN_EMPTY_BODY = YES;
				CLANG_WARN_ENUM_CONVERSION = YES;
				CLANG_WARN_INFINITE_RECURSION = YES;
				CLANG_WARN_INT_CONVERSION = YES;
				CLANG_WARN_NON_LITERAL_NULL_CONVERSION = YES;
				CLANG_WARN_OBJC_IMPLICIT_RETAIN_SELF = YES;
				CLANG_WARN_OBJC_LITERAL_CONVERSION = YES;
				CLANG_WARN_OBJC_ROOT_CLASS = YES_ERROR;
				CLANG_WARN_QUOTED_INCLUDE_IN_FRAMEWORK_HEADER = YES;
				CLANG_WARN_RANGE_LOOP_ANALYSIS = YES;
				CLANG_WARN_STRICT_PROTOTYPES = YES;
				CLANG_WARN_SUSPICIOUS_MOVE = YES;
				CLANG_WARN_UNGUARDED_AVAILABILITY = YES_AGGRESSIVE;
				CLANG_WARN_UNREACHABLE_CODE = YES;
				CLANG_WARN__DUPLICATE_METHOD_MATCH = YES;
				COPY_PHASE_STRIP = NO;
				DEBUG_INFORMATION_FORMAT = dwarf;
				DEVELOPMENT_TEAM = U2HHD8L7L2;
				ENABLE_STRICT_OBJC_MSGSEND = YES;
				ENABLE_TESTABILITY = YES;
				ENABLE_USER_SCRIPT_SANDBOXING = YES;
				GCC_C_LANGUAGE_STANDARD = gnu17;
				GCC_DYNAMIC_NO_PIC = NO;
				GCC_NO_COMMON_BLOCKS = YES;
				GCC_OPTIMIZATION_LEVEL = 0;
				GCC_PREPROCESSOR_DEFINITIONS = (
					"DEBUG=1",
					"$(inherited)",
				);
				GCC_WARN_64_TO_32_BIT_CONVERSION = YES;
				GCC_WARN_ABOUT_RETURN_TYPE = YES_ERROR;
				GCC_WARN_UNDECLARED_SELECTOR = YES;
				GCC_WARN_UNINITIALIZED_AUTOS = YES_AGGRESSIVE;
				GCC_WARN_UNUSED_FUNCTION = YES;
				GCC_WARN_UNUSED_VARIABLE = YES;
				IPHONEOS_DEPLOYMENT_TARGET = 18.5;
				LOCALIZATION_PREFERS_STRING_CATALOGS = YES;
				MTL_ENABLE_DEBUG_INFO = INCLUDE_SOURCE;
				MTL_FAST_MATH = YES;
				ONLY_ACTIVE_ARCH = YES;
				SDKROOT = iphoneos;
				SWIFT_ACTIVE_COMPILATION_CONDITIONS = "DEBUG $(inherited)";
				SWIFT_OPTIMIZATION_LEVEL = "-Onone";
			};
			name = Debug;
		};
		AB0B78122E022915000E8B7E /* Release */ = {
			isa = XCBuildConfiguration;
			buildSettings = {
				ALWAYS_SEARCH_USER_PATHS = NO;
				ASSETCATALOG_COMPILER_GENERATE_SWIFT_ASSET_SYMBOL_EXTENSIONS = YES;
				CLANG_ANALYZER_NONNULL = YES;
				CLANG_ANALYZER_NUMBER_OBJECT_CONVERSION = YES_AGGRESSIVE;
				CLANG_CXX_LANGUAGE_STANDARD = "gnu++20";
				CLANG_ENABLE_MODULES = YES;
				CLANG_ENABLE_OBJC_ARC = YES;
				CLANG_ENABLE_OBJC_WEAK = YES;
				CLANG_WARN_BLOCK_CAPTURE_AUTORELEASING = YES;
				CLANG_WARN_BOOL_CONVERSION = YES;
				CLANG_WARN_COMMA = YES;
				CLANG_WARN_CONSTANT_CONVERSION = YES;
				CLANG_WARN_DEPRECATED_OBJC_IMPLEMENTATIONS = YES;
				CLANG_WARN_DIRECT_OBJC_ISA_USAGE = YES_ERROR;
				CLANG_WARN_DOCUMENTATION_COMMENTS = YES;
				CLANG_WARN_EMPTY_BODY = YES;
				CLANG_WARN_ENUM_CONVERSION = YES;
				CLANG_WARN_INFINITE_RECURSION = YES;
				CLANG_WARN_INT_CONVERSION = YES;
				CLANG_WARN_NON_LITERAL_NULL_CONVERSION = YES;
				CLANG_WARN_OBJC_IMPLICIT_RETAIN_SELF = YES;
				CLANG_WARN_OBJC_LITERAL_CONVERSION = YES;
				CLANG_WARN_OBJC_ROOT_CLASS = YES_ERROR;
				CLANG_WARN_QUOTED_INCLUDE_IN_FRAMEWORK_HEADER = YES;
				CLANG_WARN_RANGE_LOOP_ANALYSIS = YES;
				CLANG_WARN_STRICT_PROTOTYPES = YES;
				CLANG_WARN_SUSPICIOUS_MOVE = YES;
				CLANG_WARN_UNGUARDED_AVAILABILITY = YES_AGGRESSIVE;
				CLANG_WARN_UNREACHABLE_CODE = YES;
				CLANG_WARN__DUPLICATE_METHOD_MATCH = YES;
				COPY_PHASE_STRIP = NO;
				DEBUG_INFORMATION_FORMAT = "dwarf-with-dsym";
				DEVELOPMENT_TEAM = U2HHD8L7L2;
				ENABLE_NS_ASSERTIONS = NO;
				ENABLE_STRICT_OBJC_MSGSEND = YES;
				ENABLE_USER_SCRIPT_SANDBOXING = YES;
				GCC_C_LANGUAGE_STANDARD = gnu17;
				GCC_NO_COMMON_BLOCKS = YES;
				GCC_WARN_64_TO_32_BIT_CONVERSION = YES;
				GCC_WARN_ABOUT_RETURN_TYPE = YES_ERROR;
				GCC_WARN_UNDECLARED_SELECTOR = YES;
				GCC_WARN_UNINITIALIZED_AUTOS = YES_AGGRESSIVE;
				GCC_WARN_UNUSED_FUNCTION = YES;
				GCC_WARN_UNUSED_VARIABLE = YES;
				IPHONEOS_DEPLOYMENT_TARGET = 18.5;
				LOCALIZATION_PREFERS_STRING_CATALOGS = YES;
				MTL_ENABLE_DEBUG_INFO = NO;
				MTL_FAST_MATH = YES;
				SDKROOT = iphoneos;
				SWIFT_COMPILATION_MODE = wholemodule;
				VALIDATE_PRODUCT = YES;
			};
			name = Release;
		};
		AB0B78142E022915000E8B7E /* Debug */ = {
			isa = XCBuildConfiguration;
			buildSettings = {
				ASSETCATALOG_COMPILER_APPICON_NAME = AppIcon;
				ASSETCATALOG_COMPILER_GLOBAL_ACCENT_COLOR_NAME = AccentColor;
				CODE_SIGN_STYLE = Automatic;
				CURRENT_PROJECT_VERSION = 1;
				DEVELOPMENT_TEAM = U2HHD8L7L2;
				ENABLE_PREVIEWS = YES;
				GENERATE_INFOPLIST_FILE = YES;
				INFOPLIST_KEY_UIApplicationSceneManifest_Generation = YES;
				INFOPLIST_KEY_UIApplicationSupportsIndirectInputEvents = YES;
				INFOPLIST_KEY_UILaunchScreen_Generation = YES;
				INFOPLIST_KEY_UISupportedInterfaceOrientations_iPad = "UIInterfaceOrientationPortrait UIInterfaceOrientationPortraitUpsideDown UIInterfaceOrientationLandscapeLeft UIInterfaceOrientationLandscapeRight";
				INFOPLIST_KEY_UISupportedInterfaceOrientations_iPhone = "UIInterfaceOrientationPortrait UIInterfaceOrientationLandscapeLeft UIInterfaceOrientationLandscapeRight";
				LD_RUNPATH_SEARCH_PATHS = (
					"$(inherited)",
					"@executable_path/Frameworks",
				);
				MARKETING_VERSION = 1.0;
				PRODUCT_BUNDLE_IDENTIFIER = com.gian.CountriesEncyclopedia;
				PRODUCT_NAME = "$(TARGET_NAME)";
				SWIFT_EMIT_LOC_STRINGS = YES;
				SWIFT_VERSION = 5.0;
				TARGETED_DEVICE_FAMILY = "1,2";
			};
			name = Debug;
		};
		AB0B78152E022915000E8B7E /* Release */ = {
			isa = XCBuildConfiguration;
			buildSettings = {
				ASSETCATALOG_COMPILER_APPICON_NAME = AppIcon;
				ASSETCATALOG_COMPILER_GLOBAL_ACCENT_COLOR_NAME = AccentColor;
				CODE_SIGN_STYLE = Automatic;
				CURRENT_PROJECT_VERSION = 1;
				DEVELOPMENT_TEAM = U2HHD8L7L2;
				ENABLE_PREVIEWS = YES;
				GENERATE_INFOPLIST_FILE = YES;
				INFOPLIST_KEY_UIApplicationSceneManifest_Generation = YES;
				INFOPLIST_KEY_UIApplicationSupportsIndirectInputEvents = YES;
				INFOPLIST_KEY_UILaunchScreen_Generation = YES;
				INFOPLIST_KEY_UISupportedInterfaceOrientations_iPad = "UIInterfaceOrientationPortrait UIInterfaceOrientationPortraitUpsideDown UIInterfaceOrientationLandscapeLeft UIInterfaceOrientationLandscapeRight";
				INFOPLIST_KEY_UISupportedInterfaceOrientations_iPhone = "UIInterfaceOrientationPortrait UIInterfaceOrientationLandscapeLeft UIInterfaceOrientationLandscapeRight";
				LD_RUNPATH_SEARCH_PATHS = (
					"$(inherited)",
					"@executable_path/Frameworks",
				);
				MARKETING_VERSION = 1.0;
				PRODUCT_BUNDLE_IDENTIFIER = com.gian.CountriesEncyclopedia;
				PRODUCT_NAME = "$(TARGET_NAME)";
				SWIFT_EMIT_LOC_STRINGS = YES;
				SWIFT_VERSION = 5.0;
				TARGETED_DEVICE_FAMILY = "1,2";
			};
			name = Release;
		};
		AB0B78172E022915000E8B7E /* Debug */ = {
			isa = XCBuildConfiguration;
			buildSettings = {
				BUNDLE_LOADER = "$(TEST_HOST)";
				CODE_SIGN_STYLE = Automatic;
				CURRENT_PROJECT_VERSION = 1;
				DEVELOPMENT_TEAM = U2HHD8L7L2;
				GENERATE_INFOPLIST_FILE = YES;
				IPHONEOS_DEPLOYMENT_TARGET = 18.5;
				MARKETING_VERSION = 1.0;
				PRODUCT_BUNDLE_IDENTIFIER = com.gian.CountriesEncyclopediaTests;
				PRODUCT_NAME = "$(TARGET_NAME)";
				SWIFT_EMIT_LOC_STRINGS = NO;
				SWIFT_VERSION = 5.0;
				TARGETED_DEVICE_FAMILY = "1,2";
				TEST_HOST = "$(BUILT_PRODUCTS_DIR)/CountriesEncyclopedia.app/$(BUNDLE_EXECUTABLE_FOLDER_PATH)/CountriesEncyclopedia";
			};
			name = Debug;
		};
		AB0B78182E022915000E8B7E /* Release */ = {
			isa = XCBuildConfiguration;
			buildSettings = {
				BUNDLE_LOADER = "$(TEST_HOST)";
				CODE_SIGN_STYLE = Automatic;
				CURRENT_PROJECT_VERSION = 1;
				DEVELOPMENT_TEAM = U2HHD8L7L2;
				GENERATE_INFOPLIST_FILE = YES;
				IPHONEOS_DEPLOYMENT_TARGET = 18.5;
				MARKETING_VERSION = 1.0;
				PRODUCT_BUNDLE_IDENTIFIER = com.gian.CountriesEncyclopediaTests;
				PRODUCT_NAME = "$(TARGET_NAME)";
				SWIFT_EMIT_LOC_STRINGS = NO;
				SWIFT_VERSION = 5.0;
				TARGETED_DEVICE_FAMILY = "1,2";
				TEST_HOST = "$(BUILT_PRODUCTS_DIR)/CountriesEncyclopedia.app/$(BUNDLE_EXECUTABLE_FOLDER_PATH)/CountriesEncyclopedia";
			};
			name = Release;
		};
		AB0B781A2E022915000E8B7E /* Debug */ = {
			isa = XCBuildConfiguration;
			buildSettings = {
				CODE_SIGN_STYLE = Automatic;
				CURRENT_PROJECT_VERSION = 1;
				DEVELOPMENT_TEAM = U2HHD8L7L2;
				GENERATE_INFOPLIST_FILE = YES;
				MARKETING_VERSION = 1.0;
				PRODUCT_BUNDLE_IDENTIFIER = com.gian.CountriesEncyclopediaUITests;
				PRODUCT_NAME = "$(TARGET_NAME)";
				SWIFT_EMIT_LOC_STRINGS = NO;
				SWIFT_VERSION = 5.0;
				TARGETED_DEVICE_FAMILY = "1,2";
				TEST_TARGET_NAME = CountriesEncyclopedia;
			};
			name = Debug;
		};
		AB0B781B2E022915000E8B7E /* Release */ = {
			isa = XCBuildConfiguration;
			buildSettings = {
				CODE_SIGN_STYLE = Automatic;
				CURRENT_PROJECT_VERSION = 1;
				DEVELOPMENT_TEAM = U2HHD8L7L2;
				GENERATE_INFOPLIST_FILE = YES;
				MARKETING_VERSION = 1.0;
				PRODUCT_BUNDLE_IDENTIFIER = com.gian.CountriesEncyclopediaUITests;
				PRODUCT_NAME = "$(TARGET_NAME)";
				SWIFT_EMIT_LOC_STRINGS = NO;
				SWIFT_VERSION = 5.0;
				TARGETED_DEVICE_FAMILY = "1,2";
				TEST_TARGET_NAME = CountriesEncyclopedia;
			};
			name = Release;
		};
/* End XCBuildConfiguration section */

/* Begin XCConfigurationList section */
		AB0B77EB2E022913000E8B7E /* Build configuration list for PBXProject "CountriesEncyclopedia" */ = {
			isa = XCConfigurationList;
			buildConfigurations = (
				AB0B78112E022915000E8B7E /* Debug */,
				AB0B78122E022915000E8B7E /* Release */,
			);
			defaultConfigurationIsVisible = 0;
			defaultConfigurationName = Release;
		};
		AB0B78132E022915000E8B7E /* Build configuration list for PBXNativeTarget "CountriesEncyclopedia" */ = {
			isa = XCConfigurationList;
			buildConfigurations = (
				AB0B78142E022915000E8B7E /* Debug */,
				AB0B78152E022915000E8B7E /* Release */,
			);
			defaultConfigurationIsVisible = 0;
			defaultConfigurationName = Release;
		};
		AB0B78162E022915000E8B7E /* Build configuration list for PBXNativeTarget "CountriesEncyclopediaTests" */ = {
			isa = XCConfigurationList;
			buildConfigurations = (
				AB0B78172E022915000E8B7E /* Debug */,
				AB0B78182E022915000E8B7E /* Release */,
			);
			defaultConfigurationIsVisible = 0;
			defaultConfigurationName = Release;
		};
		AB0B78192E022915000E8B7E /* Build configuration list for PBXNativeTarget "CountriesEncyclopediaUITests" */ = {
			isa = XCConfigurationList;
			buildConfigurations = (
				AB0B781A2E022915000E8B7E /* Debug */,
				AB0B781B2E022915000E8B7E /* Release */,
			);
			defaultConfigurationIsVisible = 0;
			defaultConfigurationName = Release;
		};
/* End XCConfigurationList section */

/* Begin XCRemoteSwiftPackageReference section */
		AB0B799D2E025E96000E8B7E /* XCRemoteSwiftPackageReference "Nuke" */ = {
			isa = XCRemoteSwiftPackageReference;
			repositoryURL = "https://github.com/kean/Nuke";
			requirement = {
				kind = exactVersion;
				version = 12.8.0;
			};
		};
/* End XCRemoteSwiftPackageReference section */

/* Begin XCSwiftPackageProductDependency section */
		AB0B799E2E025E96000E8B7E /* Nuke */ = {
			isa = XCSwiftPackageProductDependency;
			package = AB0B799D2E025E96000E8B7E /* XCRemoteSwiftPackageReference "Nuke" */;
			productName = Nuke;
		};
		AB0B79A12E025EC6000E8B7E /* NukeUI */ = {
			isa = XCSwiftPackageProductDependency;
			package = AB0B799D2E025E96000E8B7E /* XCRemoteSwiftPackageReference "Nuke" */;
			productName = NukeUI;
		};
/* End XCSwiftPackageProductDependency section */
	};
	rootObject = AB0B77E82E022913000E8B7E /* Project object */;
}
